
Microsoft Visual Studio Solution File, Format Version 12.00
# Visual Studio 2013
VisualStudioVersion = 12.0.31101.0
MinimumVisualStudioVersion = 10.0.40219.1
Project("{2150E333-8FDC-42A3-9474-1A3956D46DE8}") = "Engine", "Engine", "{69E8E751-40EF-4659-901A-02CA1F6BF497}"
EndProject
Project("{2150E333-8FDC-42A3-9474-1A3956D46DE8}") = "Games", "Games", "{1AD8655C-A259-4E13-BEF3-DC0DBF03B496}"
EndProject
Project("{8BC9CEB8-8B4A-11D0-8D11-00A0C91BC942}") = "SpaceShooter", "Intermediate\ProjectFiles\SpaceShooter.vcxproj", "{B3B7EA78-FDF0-4A6C-A881-3B51BD8E678B}"
EndProject
Project("{8BC9CEB8-8B4A-11D0-8D11-00A0C91BC942}") = "UE4", "Intermediate\ProjectFiles\UE4.vcxproj", "{25A8F0D3-F1E5-4E47-8C4B-D85B44FD7C2D}"
EndProject
Global
	GlobalSection(SolutionConfigurationPlatforms) = preSolution
		DebugGame Editor|Windows = DebugGame Editor|Windows
		DebugGame|Windows = DebugGame|Windows
		Development Editor|Windows = Development Editor|Windows
		Development|Windows = Development|Windows
		Shipping|Windows = Shipping|Windows
	EndGlobalSection
	GlobalSection(ProjectConfigurationPlatforms) = postSolution
		{B3B7EA78-FDF0-4A6C-A881-3B51BD8E678B}.DebugGame Editor|Windows.ActiveCfg = DebugGame_Editor|x64
		{B3B7EA78-FDF0-4A6C-A881-3B51BD8E678B}.DebugGame Editor|Windows.Build.0 = DebugGame_Editor|x64
		{B3B7EA78-FDF0-4A6C-A881-3B51BD8E678B}.DebugGame|Windows.ActiveCfg = DebugGame_Game|x64
		{B3B7EA78-FDF0-4A6C-A881-3B51BD8E678B}.DebugGame|Windows.Build.0 = DebugGame_Game|x64
		{B3B7EA78-FDF0-4A6C-A881-3B51BD8E678B}.Development Editor|Windows.ActiveCfg = Development_Editor|x64
		{B3B7EA78-FDF0-4A6C-A881-3B51BD8E678B}.Development Editor|Windows.Build.0 = Development_Editor|x64
		{B3B7EA78-FDF0-4A6C-A881-3B51BD8E678B}.Development|Windows.ActiveCfg = Development_Game|x64
		{B3B7EA78-FDF0-4A6C-A881-3B51BD8E678B}.Development|Windows.Build.0 = Development_Game|x64
		{B3B7EA78-FDF0-4A6C-A881-3B51BD8E678B}.Shipping|Windows.ActiveCfg = Shipping_Game|Win32
		{B3B7EA78-FDF0-4A6C-A881-3B51BD8E678B}.Shipping|Windows.Build.0 = Shipping_Game|Win32
		{25A8F0D3-F1E5-4E47-8C4B-D85B44FD7C2D}.DebugGame Editor|Windows.ActiveCfg = BuiltWithUnrealBuildTool|Win32
		{25A8F0D3-F1E5-4E47-8C4B-D85B44FD7C2D}.DebugGame|Windows.ActiveCfg = BuiltWithUnrealBuildTool|Win32
		{25A8F0D3-F1E5-4E47-8C4B-D85B44FD7C2D}.Development Editor|Windows.ActiveCfg = BuiltWithUnrealBuildTool|Win32
		{25A8F0D3-F1E5-4E47-8C4B-D85B44FD7C2D}.Development|Windows.ActiveCfg = BuiltWithUnrealBuildTool|Win32
		{25A8F0D3-F1E5-4E47-8C4B-D85B44FD7C2D}.Shipping|Windows.ActiveCfg = BuiltWithUnrealBuildTool|Win32
	EndGlobalSection
	GlobalSection(SolutionProperties) = preSolution
		HideSolutionNode = FALSE
	EndGlobalSection
	GlobalSection(NestedProjects) = preSolution
		{B3B7EA78-FDF0-4A6C-A881-3B51BD8E678B} = {1AD8655C-A259-4E13-BEF3-DC0DBF03B496}
		{25A8F0D3-F1E5-4E47-8C4B-D85B44FD7C2D} = {69E8E751-40EF-4659-901A-02CA1F6BF497}
	EndGlobalSection
EndGlobal
